
Microsoft Visual Studio Solution File, Format Version 12.00
# Visual Studio 15
VisualStudioVersion = 15.0.36123.18
MinimumVisualStudioVersion = 10.0.40219.1
Project("{8BC9CEB8-8B4A-11D0-8D11-00A0C91BC942}") = "asmx64", "asmx64\asmx64.vcxproj", "{4946CDD4-C8B0-42FA-A584-2F88F0708535}"
EndProject
Project("{8BC9CEB8-8B4A-11D0-8D11-00A0C91BC942}") = "atlink", "atlink\atlink.vcxproj", "{F63A5DBB-0955-4228-8BE7-BA7FC5AE3F1A}"
EndProject
Project("{8BC9CEB8-8B4A-11D0-8D11-00A0C91BC942}") = "atdump", "atdump\atdump.vcxproj", "{2762FC78-9EC3-4459-B7FC-D8F3FF9800FC}"
EndProject
Project("{8BC9CEB8-8B4A-11D0-8D11-00A0C91BC942}") = "atcommon", "atcommon\atcommon.vcxproj", "{316F25FC-62A9-44CD-B026-4EADBCB81F39}"
EndProject
Global
	GlobalSection(SolutionConfigurationPlatforms) = preSolution
		Debug|x64 = Debug|x64
		Debug|x86 = Debug|x86
		Release|x64 = Release|x64
		Release|x86 = Release|x86
	EndGlobalSection
	GlobalSection(ProjectConfigurationPlatforms) = postSolution
		{4946CDD4-C8B0-42FA-A584-2F88F0708535}.Debug|x64.ActiveCfg = Debug|x64
		{4946CDD4-C8B0-42FA-A584-2F88F0708535}.Debug|x64.Build.0 = Debug|x64
		{4946CDD4-C8B0-42FA-A584-2F88F0708535}.Debug|x86.ActiveCfg = Debug|Win32
		{4946CDD4-C8B0-42FA-A584-2F88F0708535}.Debug|x86.Build.0 = Debug|Win32
		{4946CDD4-C8B0-42FA-A584-2F88F0708535}.Release|x64.ActiveCfg = Release|x64
		{4946CDD4-C8B0-42FA-A584-2F88F0708535}.Release|x64.Build.0 = Release|x64
		{4946CDD4-C8B0-42FA-A584-2F88F0708535}.Release|x86.ActiveCfg = Release|Win32
		{4946CDD4-C8B0-42FA-A584-2F88F0708535}.Release|x86.Build.0 = Release|Win32
		{F63A5DBB-0955-4228-8BE7-BA7FC5AE3F1A}.Debug|x64.ActiveCfg = Debug|x64
		{F63A5DBB-0955-4228-8BE7-BA7FC5AE3F1A}.Debug|x64.Build.0 = Debug|x64
		{F63A5DBB-0955-4228-8BE7-BA7FC5AE3F1A}.Debug|x86.ActiveCfg = Debug|Win32
		{F63A5DBB-0955-4228-8BE7-BA7FC5AE3F1A}.Debug|x86.Build.0 = Debug|Win32
		{F63A5DBB-0955-4228-8BE7-BA7FC5AE3F1A}.Release|x64.ActiveCfg = Release|x64
		{F63A5DBB-0955-4228-8BE7-BA7FC5AE3F1A}.Release|x64.Build.0 = Release|x64
		{F63A5DBB-0955-4228-8BE7-BA7FC5AE3F1A}.Release|x86.ActiveCfg = Release|Win32
		{F63A5DBB-0955-4228-8BE7-BA7FC5AE3F1A}.Release|x86.Build.0 = Release|Win32
		{2762FC78-9EC3-4459-B7FC-D8F3FF9800FC}.Debug|x64.ActiveCfg = Debug|x64
		{2762FC78-9EC3-4459-B7FC-D8F3FF9800FC}.Debug|x64.Build.0 = Debug|x64
		{2762FC78-9EC3-4459-B7FC-D8F3FF9800FC}.Debug|x86.ActiveCfg = Debug|Win32
		{2762FC78-9EC3-4459-B7FC-D8F3FF9800FC}.Debug|x86.Build.0 = Debug|Win32
		{2762FC78-9EC3-4459-B7FC-D8F3FF9800FC}.Release|x64.ActiveCfg = Release|x64
		{2762FC78-9EC3-4459-B7FC-D8F3FF9800FC}.Release|x64.Build.0 = Release|x64
		{2762FC78-9EC3-4459-B7FC-D8F3FF9800FC}.Release|x86.ActiveCfg = Release|Win32
		{2762FC78-9EC3-4459-B7FC-D8F3FF9800FC}.Release|x86.Build.0 = Release|Win32
		{316F25FC-62A9-44CD-B026-4EADBCB81F39}.Debug|x64.ActiveCfg = Debug|x64
		{316F25FC-62A9-44CD-B026-4EADBCB81F39}.Debug|x64.Build.0 = Debug|x64
		{316F25FC-62A9-44CD-B026-4EADBCB81F39}.Debug|x86.ActiveCfg = Debug|Win32
		{316F25FC-62A9-44CD-B026-4EADBCB81F39}.Debug|x86.Build.0 = Debug|Win32
		{316F25FC-62A9-44CD-B026-4EADBCB81F39}.Release|x64.ActiveCfg = Release|x64
		{316F25FC-62A9-44CD-B026-4EADBCB81F39}.Release|x64.Build.0 = Release|x64
		{316F25FC-62A9-44CD-B026-4EADBCB81F39}.Release|x86.ActiveCfg = Release|Win32
		{316F25FC-62A9-44CD-B026-4EADBCB81F39}.Release|x86.Build.0 = Release|Win32
	EndGlobalSection
	GlobalSection(SolutionProperties) = preSolution
		HideSolutionNode = FALSE
	EndGlobalSection
	GlobalSection(ExtensibilityGlobals) = postSolution
		SolutionGuid = {734BBC99-0023-4BBA-A5FE-A66C7A5AD507}
	EndGlobalSection
EndGlobal
