
Microsoft Visual Studio Solution File, Format Version 12.00
# Visual Studio Version 17
VisualStudioVersion = 17.9.34728.123
MinimumVisualStudioVersion = 10.0.40219.1
Project("{9A19103F-16F7-4668-BE54-9A1E7A4F7556}") = "AlloyTools", "AlloyTools\AlloyTools.csproj", "{EAD7F43F-1278-4233-9519-DB66B66737D7}"
EndProject
Project("{9A19103F-16F7-4668-BE54-9A1E7A4F7556}") = "asmx64", "asmx64\asmx64.csproj", "{7A39292D-CC5E-4F54-AD93-6F8036733534}"
	ProjectSection(ProjectDependencies) = postProject
		{EAD7F43F-1278-4233-9519-DB66B66737D7} = {EAD7F43F-1278-4233-9519-DB66B66737D7}
	EndProjectSection
EndProject
Project("{9A19103F-16F7-4668-BE54-9A1E7A4F7556}") = "asma64", "asma64\asma64.csproj", "{5C4BF2A4-0F2A-4548-B73D-D87E4832A39F}"
EndProject
Project("{9A19103F-16F7-4668-BE54-9A1E7A4F7556}") = "asmla64", "asmla64\asmla64.csproj", "{3314F511-4BD1-481E-8760-009EC95B5263}"
EndProject
Project("{9A19103F-16F7-4668-BE54-9A1E7A4F7556}") = "alink", "alink\alink.csproj", "{0F7165D9-6CE0-4FE2-87B4-B06038A74D3C}"
EndProject
Global
	GlobalSection(SolutionConfigurationPlatforms) = preSolution
		Debug|Any CPU = Debug|Any CPU
		Debug|x64 = Debug|x64
		Debug|x86 = Debug|x86
		Release|Any CPU = Release|Any CPU
		Release|x64 = Release|x64
		Release|x86 = Release|x86
	EndGlobalSection
	GlobalSection(ProjectConfigurationPlatforms) = postSolution
		{EAD7F43F-1278-4233-9519-DB66B66737D7}.Debug|Any CPU.ActiveCfg = Debug|Any CPU
		{EAD7F43F-1278-4233-9519-DB66B66737D7}.Debug|Any CPU.Build.0 = Debug|Any CPU
		{EAD7F43F-1278-4233-9519-DB66B66737D7}.Debug|x64.ActiveCfg = Debug|Any CPU
		{EAD7F43F-1278-4233-9519-DB66B66737D7}.Debug|x64.Build.0 = Debug|Any CPU
		{EAD7F43F-1278-4233-9519-DB66B66737D7}.Debug|x86.ActiveCfg = Debug|Any CPU
		{EAD7F43F-1278-4233-9519-DB66B66737D7}.Debug|x86.Build.0 = Debug|Any CPU
		{EAD7F43F-1278-4233-9519-DB66B66737D7}.Release|Any CPU.ActiveCfg = Release|Any CPU
		{EAD7F43F-1278-4233-9519-DB66B66737D7}.Release|Any CPU.Build.0 = Release|Any CPU
		{EAD7F43F-1278-4233-9519-DB66B66737D7}.Release|x64.ActiveCfg = Release|Any CPU
		{EAD7F43F-1278-4233-9519-DB66B66737D7}.Release|x64.Build.0 = Release|Any CPU
		{EAD7F43F-1278-4233-9519-DB66B66737D7}.Release|x86.ActiveCfg = Release|Any CPU
		{EAD7F43F-1278-4233-9519-DB66B66737D7}.Release|x86.Build.0 = Release|Any CPU
		{7A39292D-CC5E-4F54-AD93-6F8036733534}.Debug|Any CPU.ActiveCfg = Debug|Any CPU
		{7A39292D-CC5E-4F54-AD93-6F8036733534}.Debug|Any CPU.Build.0 = Debug|Any CPU
		{7A39292D-CC5E-4F54-AD93-6F8036733534}.Debug|x64.ActiveCfg = Debug|Any CPU
		{7A39292D-CC5E-4F54-AD93-6F8036733534}.Debug|x64.Build.0 = Debug|Any CPU
		{7A39292D-CC5E-4F54-AD93-6F8036733534}.Debug|x86.ActiveCfg = Debug|Any CPU
		{7A39292D-CC5E-4F54-AD93-6F8036733534}.Debug|x86.Build.0 = Debug|Any CPU
		{7A39292D-CC5E-4F54-AD93-6F8036733534}.Release|Any CPU.ActiveCfg = Release|Any CPU
		{7A39292D-CC5E-4F54-AD93-6F8036733534}.Release|Any CPU.Build.0 = Release|Any CPU
		{7A39292D-CC5E-4F54-AD93-6F8036733534}.Release|x64.ActiveCfg = Release|Any CPU
		{7A39292D-CC5E-4F54-AD93-6F8036733534}.Release|x64.Build.0 = Release|Any CPU
		{7A39292D-CC5E-4F54-AD93-6F8036733534}.Release|x86.ActiveCfg = Release|Any CPU
		{7A39292D-CC5E-4F54-AD93-6F8036733534}.Release|x86.Build.0 = Release|Any CPU
		{5C4BF2A4-0F2A-4548-B73D-D87E4832A39F}.Debug|Any CPU.ActiveCfg = Debug|Any CPU
		{5C4BF2A4-0F2A-4548-B73D-D87E4832A39F}.Debug|Any CPU.Build.0 = Debug|Any CPU
		{5C4BF2A4-0F2A-4548-B73D-D87E4832A39F}.Debug|x64.ActiveCfg = Debug|Any CPU
		{5C4BF2A4-0F2A-4548-B73D-D87E4832A39F}.Debug|x64.Build.0 = Debug|Any CPU
		{5C4BF2A4-0F2A-4548-B73D-D87E4832A39F}.Debug|x86.ActiveCfg = Debug|Any CPU
		{5C4BF2A4-0F2A-4548-B73D-D87E4832A39F}.Debug|x86.Build.0 = Debug|Any CPU
		{5C4BF2A4-0F2A-4548-B73D-D87E4832A39F}.Release|Any CPU.ActiveCfg = Release|Any CPU
		{5C4BF2A4-0F2A-4548-B73D-D87E4832A39F}.Release|Any CPU.Build.0 = Release|Any CPU
		{5C4BF2A4-0F2A-4548-B73D-D87E4832A39F}.Release|x64.ActiveCfg = Release|Any CPU
		{5C4BF2A4-0F2A-4548-B73D-D87E4832A39F}.Release|x64.Build.0 = Release|Any CPU
		{5C4BF2A4-0F2A-4548-B73D-D87E4832A39F}.Release|x86.ActiveCfg = Release|Any CPU
		{5C4BF2A4-0F2A-4548-B73D-D87E4832A39F}.Release|x86.Build.0 = Release|Any CPU
		{3314F511-4BD1-481E-8760-009EC95B5263}.Debug|Any CPU.ActiveCfg = Debug|Any CPU
		{3314F511-4BD1-481E-8760-009EC95B5263}.Debug|Any CPU.Build.0 = Debug|Any CPU
		{3314F511-4BD1-481E-8760-009EC95B5263}.Debug|x64.ActiveCfg = Debug|Any CPU
		{3314F511-4BD1-481E-8760-009EC95B5263}.Debug|x64.Build.0 = Debug|Any CPU
		{3314F511-4BD1-481E-8760-009EC95B5263}.Debug|x86.ActiveCfg = Debug|Any CPU
		{3314F511-4BD1-481E-8760-009EC95B5263}.Debug|x86.Build.0 = Debug|Any CPU
		{3314F511-4BD1-481E-8760-009EC95B5263}.Release|Any CPU.ActiveCfg = Release|Any CPU
		{3314F511-4BD1-481E-8760-009EC95B5263}.Release|Any CPU.Build.0 = Release|Any CPU
		{3314F511-4BD1-481E-8760-009EC95B5263}.Release|x64.ActiveCfg = Release|Any CPU
		{3314F511-4BD1-481E-8760-009EC95B5263}.Release|x64.Build.0 = Release|Any CPU
		{3314F511-4BD1-481E-8760-009EC95B5263}.Release|x86.ActiveCfg = Release|Any CPU
		{3314F511-4BD1-481E-8760-009EC95B5263}.Release|x86.Build.0 = Release|Any CPU
		{0F7165D9-6CE0-4FE2-87B4-B06038A74D3C}.Debug|Any CPU.ActiveCfg = Debug|Any CPU
		{0F7165D9-6CE0-4FE2-87B4-B06038A74D3C}.Debug|Any CPU.Build.0 = Debug|Any CPU
		{0F7165D9-6CE0-4FE2-87B4-B06038A74D3C}.Debug|x64.ActiveCfg = Debug|Any CPU
		{0F7165D9-6CE0-4FE2-87B4-B06038A74D3C}.Debug|x64.Build.0 = Debug|Any CPU
		{0F7165D9-6CE0-4FE2-87B4-B06038A74D3C}.Debug|x86.ActiveCfg = Debug|Any CPU
		{0F7165D9-6CE0-4FE2-87B4-B06038A74D3C}.Debug|x86.Build.0 = Debug|Any CPU
		{0F7165D9-6CE0-4FE2-87B4-B06038A74D3C}.Release|Any CPU.ActiveCfg = Release|Any CPU
		{0F7165D9-6CE0-4FE2-87B4-B06038A74D3C}.Release|Any CPU.Build.0 = Release|Any CPU
		{0F7165D9-6CE0-4FE2-87B4-B06038A74D3C}.Release|x64.ActiveCfg = Release|Any CPU
		{0F7165D9-6CE0-4FE2-87B4-B06038A74D3C}.Release|x64.Build.0 = Release|Any CPU
		{0F7165D9-6CE0-4FE2-87B4-B06038A74D3C}.Release|x86.ActiveCfg = Release|Any CPU
		{0F7165D9-6CE0-4FE2-87B4-B06038A74D3C}.Release|x86.Build.0 = Release|Any CPU
	EndGlobalSection
	GlobalSection(SolutionProperties) = preSolution
		HideSolutionNode = FALSE
	EndGlobalSection
	GlobalSection(ExtensibilityGlobals) = postSolution
		SolutionGuid = {9CFD910D-2C42-4175-AD49-BD6081C5CA41}
	EndGlobalSection
EndGlobal
